{
  "name": "next-cloudflare-fixture",
  "lockfileVersion": 3,
  "requires": true,
  "packages": {
    "": {
      "name": "next-cloudflare-fixture",
      "workspaces": [
        "apps/client"
      ]
    },
    "apps/client": {
      "name": "@agada-fixture/client"
    },
    "node_modules/@agada-fixture/client": {
      "resolved": "apps/client",
      "link": true
    }
  }
}
